
Microsoft Visual Studio Solution File, Format Version 12.00
# Visual Studio Version 17
VisualStudioVersion = 17.14.36518.9
MinimumVisualStudioVersion = 10.0.40219.1
Project("{FAE04EC0-301F-11D3-BF4B-00C04F79EFBC}") = "AnalisisVentas.Data", "AnalisisVentas.Data\AnalisisVentas.Data.csproj", "{5B7CCAC0-89AB-4705-AB70-46684820445E}"
EndProject
Project("{FAE04EC0-301F-11D3-BF4B-00C04F79EFBC}") = "AnalisisVentas.Load", "AnalisisVentas.Load\AnalisisVentas.Load.csproj", "{AC206D0D-F0EF-4821-AD9A-6E1FFF1EAAFA}"
EndProject
Global
	GlobalSection(SolutionConfigurationPlatforms) = preSolution
		Debug|Any CPU = Debug|Any CPU
		Debug|x64 = Debug|x64
		Debug|x86 = Debug|x86
		Release|Any CPU = Release|Any CPU
		Release|x64 = Release|x64
		Release|x86 = Release|x86
	EndGlobalSection
	GlobalSection(ProjectConfigurationPlatforms) = postSolution
		{5B7CCAC0-89AB-4705-AB70-46684820445E}.Debug|Any CPU.ActiveCfg = Debug|Any CPU
		{5B7CCAC0-89AB-4705-AB70-46684820445E}.Debug|Any CPU.Build.0 = Debug|Any CPU
		{5B7CCAC0-89AB-4705-AB70-46684820445E}.Debug|x64.ActiveCfg = Debug|Any CPU
		{5B7CCAC0-89AB-4705-AB70-46684820445E}.Debug|x64.Build.0 = Debug|Any CPU
		{5B7CCAC0-89AB-4705-AB70-46684820445E}.Debug|x86.ActiveCfg = Debug|Any CPU
		{5B7CCAC0-89AB-4705-AB70-46684820445E}.Debug|x86.Build.0 = Debug|Any CPU
		{5B7CCAC0-89AB-4705-AB70-46684820445E}.Release|Any CPU.ActiveCfg = Release|Any CPU
		{5B7CCAC0-89AB-4705-AB70-46684820445E}.Release|Any CPU.Build.0 = Release|Any CPU
		{5B7CCAC0-89AB-4705-AB70-46684820445E}.Release|x64.ActiveCfg = Release|Any CPU
		{5B7CCAC0-89AB-4705-AB70-46684820445E}.Release|x64.Build.0 = Release|Any CPU
		{5B7CCAC0-89AB-4705-AB70-46684820445E}.Release|x86.ActiveCfg = Release|Any CPU
		{5B7CCAC0-89AB-4705-AB70-46684820445E}.Release|x86.Build.0 = Release|Any CPU
		{AC206D0D-F0EF-4821-AD9A-6E1FFF1EAAFA}.Debug|Any CPU.ActiveCfg = Debug|Any CPU
		{AC206D0D-F0EF-4821-AD9A-6E1FFF1EAAFA}.Debug|Any CPU.Build.0 = Debug|Any CPU
		{AC206D0D-F0EF-4821-AD9A-6E1FFF1EAAFA}.Debug|x64.ActiveCfg = Debug|Any CPU
		{AC206D0D-F0EF-4821-AD9A-6E1FFF1EAAFA}.Debug|x64.Build.0 = Debug|Any CPU
		{AC206D0D-F0EF-4821-AD9A-6E1FFF1EAAFA}.Debug|x86.ActiveCfg = Debug|Any CPU
		{AC206D0D-F0EF-4821-AD9A-6E1FFF1EAAFA}.Debug|x86.Build.0 = Debug|Any CPU
		{AC206D0D-F0EF-4821-AD9A-6E1FFF1EAAFA}.Release|Any CPU.ActiveCfg = Release|Any CPU
		{AC206D0D-F0EF-4821-AD9A-6E1FFF1EAAFA}.Release|Any CPU.Build.0 = Release|Any CPU
		{AC206D0D-F0EF-4821-AD9A-6E1FFF1EAAFA}.Release|x64.ActiveCfg = Release|Any CPU
		{AC206D0D-F0EF-4821-AD9A-6E1FFF1EAAFA}.Release|x64.Build.0 = Release|Any CPU
		{AC206D0D-F0EF-4821-AD9A-6E1FFF1EAAFA}.Release|x86.ActiveCfg = Release|Any CPU
		{AC206D0D-F0EF-4821-AD9A-6E1FFF1EAAFA}.Release|x86.Build.0 = Release|Any CPU
	EndGlobalSection
	GlobalSection(SolutionProperties) = preSolution
		HideSolutionNode = FALSE
	EndGlobalSection
	GlobalSection(ExtensibilityGlobals) = postSolution
		SolutionGuid = {E7B82A57-F626-4D1C-8B63-36A1C82F3423}
	EndGlobalSection
EndGlobal
